
Microsoft Visual Studio Solution File, Format Version 12.00
# Visual Studio 15
VisualStudioVersion = 15.0.28010.2050
MinimumVisualStudioVersion = 10.0.40219.1
Project("{8BC9CEB8-8B4A-11D0-8D11-00A0C91BC942}") = "Pacman", "Pacman\Pacman.vcxproj", "{6A1A4A0B-132E-4A3F-BE62-3E0F1C64DB8C}"
EndProject
Global
	GlobalSection(SolutionConfigurationPlatforms) = preSolution
		Debug|x64 = Debug|x64
		Debug|x86 = Debug|x86
		Release|x64 = Release|x64
		Release|x86 = Release|x86
	EndGlobalSection
	GlobalSection(ProjectConfigurationPlatforms) = postSolution
		{6A1A4A0B-132E-4A3F-BE62-3E0F1C64DB8C}.Debug|x64.ActiveCfg = Debug|x64
		{6A1A4A0B-132E-4A3F-BE62-3E0F1C64DB8C}.Debug|x64.Build.0 = Debug|x64
		{6A1A4A0B-132E-4A3F-BE62-3E0F1C64DB8C}.Debug|x86.ActiveCfg = Debug|Win32
		{6A1A4A0B-132E-4A3F-BE62-3E0F1C64DB8C}.Debug|x86.Build.0 = Debug|Win32
		{6A1A4A0B-132E-4A3F-BE62-3E0F1C64DB8C}.Release|x64.ActiveCfg = Release|x64
		{6A1A4A0B-132E-4A3F-BE62-3E0F1C64DB8C}.Release|x64.Build.0 = Release|x64
		{6A1A4A0B-132E-4A3F-BE62-3E0F1C64DB8C}.Release|x86.ActiveCfg = Release|Win32
		{6A1A4A0B-132E-4A3F-BE62-3E0F1C64DB8C}.Release|x86.Build.0 = Release|Win32
	EndGlobalSection
	GlobalSection(SolutionProperties) = preSolution
		HideSolutionNode = FALSE
	EndGlobalSection
	GlobalSection(ExtensibilityGlobals) = postSolution
		SolutionGuid = {A93F76F5-055C-4B37-928E-BA81D7218DE9}
	EndGlobalSection
EndGlobal
